{
  "requires": true,
  "lockfileVersion": 1,
  "dependencies": {
    "qs": {
      "version": "6.9.0",
      "resolved": "https://registry.npmjs.org/qs/-/qs-6.9.0.tgz",
      "integrity": "sha512-27RP4UotQORTpmNQDX8BHPukOnBP3p1uUJY5UnDhaJB+rMt9iMsok724XL+UHU23bEFOHRMQ2ZhI99qOWUMGFA=="
    },
    "stripe": {
      "version": "7.10.0",
      "resolved": "https://registry.npmjs.org/stripe/-/stripe-7.10.0.tgz",
      "integrity": "sha512-mwW6iIZ+h957CJAcJEt8zb2ZnVvGNceG8dNQPANu6O8Zzm1pr+noC/mxvZSCuAAvMq04VWqbXBON5QvBCT5miw==",
      "requires": {
        "qs": "^6.6.0"
      }
    }
  }
}
